
Microsoft Visual Studio Solution File, Format Version 11.00
# Visual Studio 2010
Project("{FAE04EC0-301F-11D3-BF4B-00C04F79EFBC}") = "ReceiverWhisperer", "ReceiverWhisperer\ReceiverWhisperer.csproj", "{5F2CF0AA-8B7A-4AC8-A3E8-DAEE7B400E83}"
EndProject
Project("{FAE04EC0-301F-11D3-BF4B-00C04F79EFBC}") = "ReceiverWhisperer.Onkyo", "ReceiverWhisperer.Onkyo\ReceiverWhisperer.Onkyo.csproj", "{2C87F1C4-D7DF-4185-AF76-4038BE20D53A}"
EndProject
Project("{FAE04EC0-301F-11D3-BF4B-00C04F79EFBC}") = "ReceiverWhisperer.Core", "ReceiverWhisperer.Core\ReceiverWhisperer.Core.csproj", "{9DE8C5A1-E6CD-4EA0-8BD3-1F32EA30FC46}"
EndProject
Project("{FAE04EC0-301F-11D3-BF4B-00C04F79EFBC}") = "TestHarness", "TestHarness\TestHarness.csproj", "{96CA4F7C-FBFF-4838-AB4E-90D8137A6CB9}"
EndProject
Project("{FAE04EC0-301F-11D3-BF4B-00C04F79EFBC}") = "OnkyoRawCLI", "OnkyoRawCLI\OnkyoRawCLI.csproj", "{5D01C6EF-141F-46BB-B738-5EDD084C33BE}"
EndProject
Global
	GlobalSection(SolutionConfigurationPlatforms) = preSolution
		Debug|Any CPU = Debug|Any CPU
		Release|Any CPU = Release|Any CPU
	EndGlobalSection
	GlobalSection(ProjectConfigurationPlatforms) = postSolution
		{5F2CF0AA-8B7A-4AC8-A3E8-DAEE7B400E83}.Debug|Any CPU.ActiveCfg = Debug|Any CPU
		{5F2CF0AA-8B7A-4AC8-A3E8-DAEE7B400E83}.Debug|Any CPU.Build.0 = Debug|Any CPU
		{5F2CF0AA-8B7A-4AC8-A3E8-DAEE7B400E83}.Release|Any CPU.ActiveCfg = Release|Any CPU
		{5F2CF0AA-8B7A-4AC8-A3E8-DAEE7B400E83}.Release|Any CPU.Build.0 = Release|Any CPU
		{2C87F1C4-D7DF-4185-AF76-4038BE20D53A}.Debug|Any CPU.ActiveCfg = Debug|Any CPU
		{2C87F1C4-D7DF-4185-AF76-4038BE20D53A}.Debug|Any CPU.Build.0 = Debug|Any CPU
		{2C87F1C4-D7DF-4185-AF76-4038BE20D53A}.Release|Any CPU.ActiveCfg = Release|Any CPU
		{2C87F1C4-D7DF-4185-AF76-4038BE20D53A}.Release|Any CPU.Build.0 = Release|Any CPU
		{9DE8C5A1-E6CD-4EA0-8BD3-1F32EA30FC46}.Debug|Any CPU.ActiveCfg = Debug|Any CPU
		{9DE8C5A1-E6CD-4EA0-8BD3-1F32EA30FC46}.Debug|Any CPU.Build.0 = Debug|Any CPU
		{9DE8C5A1-E6CD-4EA0-8BD3-1F32EA30FC46}.Release|Any CPU.ActiveCfg = Release|Any CPU
		{9DE8C5A1-E6CD-4EA0-8BD3-1F32EA30FC46}.Release|Any CPU.Build.0 = Release|Any CPU
		{96CA4F7C-FBFF-4838-AB4E-90D8137A6CB9}.Debug|Any CPU.ActiveCfg = Debug|Any CPU
		{96CA4F7C-FBFF-4838-AB4E-90D8137A6CB9}.Debug|Any CPU.Build.0 = Debug|Any CPU
		{96CA4F7C-FBFF-4838-AB4E-90D8137A6CB9}.Release|Any CPU.ActiveCfg = Release|Any CPU
		{96CA4F7C-FBFF-4838-AB4E-90D8137A6CB9}.Release|Any CPU.Build.0 = Release|Any CPU
		{5D01C6EF-141F-46BB-B738-5EDD084C33BE}.Debug|Any CPU.ActiveCfg = Debug|Any CPU
		{5D01C6EF-141F-46BB-B738-5EDD084C33BE}.Debug|Any CPU.Build.0 = Debug|Any CPU
		{5D01C6EF-141F-46BB-B738-5EDD084C33BE}.Release|Any CPU.ActiveCfg = Release|Any CPU
		{5D01C6EF-141F-46BB-B738-5EDD084C33BE}.Release|Any CPU.Build.0 = Release|Any CPU
	EndGlobalSection
	GlobalSection(SolutionProperties) = preSolution
		HideSolutionNode = FALSE
	EndGlobalSection
EndGlobal
